
Microsoft Visual Studio Solution File, Format Version 12.00
# Visual Studio Version 17
VisualStudioVersion = 17.12.35707.178
MinimumVisualStudioVersion = 10.0.40219.1
Project("{FAE04EC0-301F-11D3-BF4B-00C04F79EFBC}") = "RoomBookingApp.Core.Tests", "RoomBookingApp.Core.Tests\RoomBookingApp.Core.Tests.csproj", "{E5681CE6-B1FC-415D-8281-A8BF79F1EFB2}"
EndProject
Project("{FAE04EC0-301F-11D3-BF4B-00C04F79EFBC}") = "RoomBookingApp.Core", "RoomBookingApp.Core\RoomBookingApp.Core.csproj", "{BF1892B3-E470-4CD2-AB53-586985405065}"
EndProject
Project("{FAE04EC0-301F-11D3-BF4B-00C04F79EFBC}") = "RoomBookingApp.Domain", "RoomBookingApp.Domain\RoomBookingApp.Domain.csproj", "{F8A7C239-3DF3-4048-9C84-DB9810F438DF}"
EndProject
Project("{FAE04EC0-301F-11D3-BF4B-00C04F79EFBC}") = "RoomBookingApp.Persistence", "RoomBookingApp.Persistence\RoomBookingApp.Persistence.csproj", "{16723DF8-D9B7-41F4-8C52-6C6C6FDA83F0}"
EndProject
Project("{FAE04EC0-301F-11D3-BF4B-00C04F79EFBC}") = "RoomBookingApp.Persistence.Tests", "RoomBookingApp.Persistence.Test\RoomBookingApp.Persistence.Tests.csproj", "{6E38B077-3D85-4661-BC56-52AF6BCC2C3F}"
EndProject
Project("{FAE04EC0-301F-11D3-BF4B-00C04F79EFBC}") = "RoomBookingApp.Api", "RoomBookingApp.Api\RoomBookingApp.Api.csproj", "{543897D8-E42E-4EA3-88B1-110A3724F8C9}"
EndProject
Project("{FAE04EC0-301F-11D3-BF4B-00C04F79EFBC}") = "RoomBookingApp.Api.Tests", "RoomBookingApp.Api.Tests\RoomBookingApp.Api.Tests.csproj", "{049D6F03-D5CC-407D-A443-03ACF4F24A86}"
EndProject
Global
	GlobalSection(SolutionConfigurationPlatforms) = preSolution
		Debug|Any CPU = Debug|Any CPU
		Release|Any CPU = Release|Any CPU
	EndGlobalSection
	GlobalSection(ProjectConfigurationPlatforms) = postSolution
		{E5681CE6-B1FC-415D-8281-A8BF79F1EFB2}.Debug|Any CPU.ActiveCfg = Debug|Any CPU
		{E5681CE6-B1FC-415D-8281-A8BF79F1EFB2}.Debug|Any CPU.Build.0 = Debug|Any CPU
		{E5681CE6-B1FC-415D-8281-A8BF79F1EFB2}.Release|Any CPU.ActiveCfg = Release|Any CPU
		{E5681CE6-B1FC-415D-8281-A8BF79F1EFB2}.Release|Any CPU.Build.0 = Release|Any CPU
		{BF1892B3-E470-4CD2-AB53-586985405065}.Debug|Any CPU.ActiveCfg = Debug|Any CPU
		{BF1892B3-E470-4CD2-AB53-586985405065}.Debug|Any CPU.Build.0 = Debug|Any CPU
		{BF1892B3-E470-4CD2-AB53-586985405065}.Release|Any CPU.ActiveCfg = Release|Any CPU
		{BF1892B3-E470-4CD2-AB53-586985405065}.Release|Any CPU.Build.0 = Release|Any CPU
		{F8A7C239-3DF3-4048-9C84-DB9810F438DF}.Debug|Any CPU.ActiveCfg = Debug|Any CPU
		{F8A7C239-3DF3-4048-9C84-DB9810F438DF}.Debug|Any CPU.Build.0 = Debug|Any CPU
		{F8A7C239-3DF3-4048-9C84-DB9810F438DF}.Release|Any CPU.ActiveCfg = Release|Any CPU
		{F8A7C239-3DF3-4048-9C84-DB9810F438DF}.Release|Any CPU.Build.0 = Release|Any CPU
		{16723DF8-D9B7-41F4-8C52-6C6C6FDA83F0}.Debug|Any CPU.ActiveCfg = Debug|Any CPU
		{16723DF8-D9B7-41F4-8C52-6C6C6FDA83F0}.Debug|Any CPU.Build.0 = Debug|Any CPU
		{16723DF8-D9B7-41F4-8C52-6C6C6FDA83F0}.Release|Any CPU.ActiveCfg = Release|Any CPU
		{16723DF8-D9B7-41F4-8C52-6C6C6FDA83F0}.Release|Any CPU.Build.0 = Release|Any CPU
		{6E38B077-3D85-4661-BC56-52AF6BCC2C3F}.Debug|Any CPU.ActiveCfg = Debug|Any CPU
		{6E38B077-3D85-4661-BC56-52AF6BCC2C3F}.Debug|Any CPU.Build.0 = Debug|Any CPU
		{6E38B077-3D85-4661-BC56-52AF6BCC2C3F}.Release|Any CPU.ActiveCfg = Release|Any CPU
		{6E38B077-3D85-4661-BC56-52AF6BCC2C3F}.Release|Any CPU.Build.0 = Release|Any CPU
		{543897D8-E42E-4EA3-88B1-110A3724F8C9}.Debug|Any CPU.ActiveCfg = Debug|Any CPU
		{543897D8-E42E-4EA3-88B1-110A3724F8C9}.Debug|Any CPU.Build.0 = Debug|Any CPU
		{543897D8-E42E-4EA3-88B1-110A3724F8C9}.Release|Any CPU.ActiveCfg = Release|Any CPU
		{543897D8-E42E-4EA3-88B1-110A3724F8C9}.Release|Any CPU.Build.0 = Release|Any CPU
		{049D6F03-D5CC-407D-A443-03ACF4F24A86}.Debug|Any CPU.ActiveCfg = Debug|Any CPU
		{049D6F03-D5CC-407D-A443-03ACF4F24A86}.Debug|Any CPU.Build.0 = Debug|Any CPU
		{049D6F03-D5CC-407D-A443-03ACF4F24A86}.Release|Any CPU.ActiveCfg = Release|Any CPU
		{049D6F03-D5CC-407D-A443-03ACF4F24A86}.Release|Any CPU.Build.0 = Release|Any CPU
	EndGlobalSection
	GlobalSection(SolutionProperties) = preSolution
		HideSolutionNode = FALSE
	EndGlobalSection
EndGlobal
